// !$*UTF8*$!
{
	archiveVersion = 1;
	classes = {
	};
	objectVersion = 77;
	objects = {

/* Begin PBXBuildFile section */
		3367675D2D05D5FD006AABB3 /* RealmSwift in Frameworks */ = {isa = PBXBuildFile; productRef = 3367675C2D05D5FD006AABB3 /* RealmSwift */; };
		3367675E2D05D5FD006AABB3 /* RealmSwift in Embed Frameworks */ = {isa = PBXBuildFile; productRef = 3367675C2D05D5FD006AABB3 /* RealmSwift */; settings = {ATTRIBUTES = (CodeSignOnCopy, ); }; };
		336767682D066411006AABB3 /* Kingfisher in Frameworks */ = {isa = PBXBuildFile; productRef = 336767672D066411006AABB3 /* Kingfisher */; };
/* End PBXBuildFile section */

/* Begin PBXContainerItemProxy section */
		336767232D05C6DA006AABB3 /* PBXContainerItemProxy */ = {
			isa = PBXContainerItemProxy;
			containerPortal = 3367670A2D05C6D8006AABB3 /* Project object */;
			proxyType = 1;
			remoteGlobalIDString = 336767112D05C6D8006AABB3;
			remoteInfo = TestProductsApp;
		};
		3367672D2D05C6DA006AABB3 /* PBXContainerItemProxy */ = {
			isa = PBXContainerItemProxy;
			containerPortal = 3367670A2D05C6D8006AABB3 /* Project object */;
			proxyType = 1;
			remoteGlobalIDString = 336767112D05C6D8006AABB3;
			remoteInfo = TestProductsApp;
		};
/* End PBXContainerItemProxy section */

/* Begin PBXCopyFilesBuildPhase section */
		3367675F2D05D5FD006AABB3 /* Embed Frameworks */ = {
			isa = PBXCopyFilesBuildPhase;
			buildActionMask = 2147483647;
			dstPath = "";
			dstSubfolderSpec = 10;
			files = (
				3367675E2D05D5FD006AABB3 /* RealmSwift in Embed Frameworks */,
			);
			name = "Embed Frameworks";
			runOnlyForDeploymentPostprocessing = 0;
		};
/* End PBXCopyFilesBuildPhase section */

/* Begin PBXFileReference section */
		336767122D05C6D8006AABB3 /* TestProductsApp.app */ = {isa = PBXFileReference; explicitFileType = wrapper.application; includeInIndex = 0; path = TestProductsApp.app; sourceTree = BUILT_PRODUCTS_DIR; };
		336767222D05C6DA006AABB3 /* TestProductsAppTests.xctest */ = {isa = PBXFileReference; explicitFileType = wrapper.cfbundle; includeInIndex = 0; path = TestProductsAppTests.xctest; sourceTree = BUILT_PRODUCTS_DIR; };
		3367672C2D05C6DA006AABB3 /* TestProductsAppUITests.xctest */ = {isa = PBXFileReference; explicitFileType = wrapper.cfbundle; includeInIndex = 0; path = TestProductsAppUITests.xctest; sourceTree = BUILT_PRODUCTS_DIR; };
/* End PBXFileReference section */

/* Begin PBXFileSystemSynchronizedRootGroup section */
		336767142D05C6D8006AABB3 /* TestProductsApp */ = {
			isa = PBXFileSystemSynchronizedRootGroup;
			path = TestProductsApp;
			sourceTree = "<group>";
		};
		336767252D05C6DA006AABB3 /* TestProductsAppTests */ = {
			isa = PBXFileSystemSynchronizedRootGroup;
			path = TestProductsAppTests;
			sourceTree = "<group>";
		};
		3367672F2D05C6DA006AABB3 /* TestProductsAppUITests */ = {
			isa = PBXFileSystemSynchronizedRootGroup;
			path = TestProductsAppUITests;
			sourceTree = "<group>";
		};
/* End PBXFileSystemSynchronizedRootGroup section */

/* Begin PBXFrameworksBuildPhase section */
		3367670F2D05C6D8006AABB3 /* Frameworks */ = {
			isa = PBXFrameworksBuildPhase;
			buildActionMask = 2147483647;
			files = (
				336767682D066411006AABB3 /* Kingfisher in Frameworks */,
				3367675D2D05D5FD006AABB3 /* RealmSwift in Frameworks */,
			);
			runOnlyForDeploymentPostprocessing = 0;
		};
		3367671F2D05C6DA006AABB3 /* Frameworks */ = {
			isa = PBXFrameworksBuildPhase;
			buildActionMask = 2147483647;
			files = (
			);
			runOnlyForDeploymentPostprocessing = 0;
		};
		336767292D05C6DA006AABB3 /* Frameworks */ = {
			isa = PBXFrameworksBuildPhase;
			buildActionMask = 2147483647;
			files = (
			);
			runOnlyForDeploymentPostprocessing = 0;
		};
/* End PBXFrameworksBuildPhase section */

/* Begin PBXGroup section */
		336767092D05C6D8006AABB3 = {
			isa = PBXGroup;
			children = (
				336767142D05C6D8006AABB3 /* TestProductsApp */,
				336767252D05C6DA006AABB3 /* TestProductsAppTests */,
				3367672F2D05C6DA006AABB3 /* TestProductsAppUITests */,
				3367675B2D05D5FD006AABB3 /* Frameworks */,
				336767132D05C6D8006AABB3 /* Products */,
			);
			sourceTree = "<group>";
		};
		336767132D05C6D8006AABB3 /* Products */ = {
			isa = PBXGroup;
			children = (
				336767122D05C6D8006AABB3 /* TestProductsApp.app */,
				336767222D05C6DA006AABB3 /* TestProductsAppTests.xctest */,
				3367672C2D05C6DA006AABB3 /* TestProductsAppUITests.xctest */,
			);
			name = Products;
			sourceTree = "<group>";
		};
		3367675B2D05D5FD006AABB3 /* Frameworks */ = {
			isa = PBXGroup;
			children = (
			);
			name = Frameworks;
			sourceTree = "<group>";
		};
/* End PBXGroup section */

/* Begin PBXNativeTarget section */
		336767112D05C6D8006AABB3 /* TestProductsApp */ = {
			isa = PBXNativeTarget;
			buildConfigurationList = 336767362D05C6DA006AABB3 /* Build configuration list for PBXNativeTarget "TestProductsApp" */;
			buildPhases = (
				3367670E2D05C6D8006AABB3 /* Sources */,
				3367670F2D05C6D8006AABB3 /* Frameworks */,
				336767102D05C6D8006AABB3 /* Resources */,
				3367675F2D05D5FD006AABB3 /* Embed Frameworks */,
			);
			buildRules = (
			);
			dependencies = (
			);
			fileSystemSynchronizedGroups = (
				336767142D05C6D8006AABB3 /* TestProductsApp */,
			);
			name = TestProductsApp;
			packageProductDependencies = (
				3367675C2D05D5FD006AABB3 /* RealmSwift */,
				336767672D066411006AABB3 /* Kingfisher */,
			);
			productName = TestProductsApp;
			productReference = 336767122D05C6D8006AABB3 /* TestProductsApp.app */;
			productType = "com.apple.product-type.application";
		};
		336767212D05C6DA006AABB3 /* TestProductsAppTests */ = {
			isa = PBXNativeTarget;
			buildConfigurationList = 336767392D05C6DA006AABB3 /* Build configuration list for PBXNativeTarget "TestProductsAppTests" */;
			buildPhases = (
				3367671E2D05C6DA006AABB3 /* Sources */,
				3367671F2D05C6DA006AABB3 /* Frameworks */,
				336767202D05C6DA006AABB3 /* Resources */,
			);
			buildRules = (
			);
			dependencies = (
				336767242D05C6DA006AABB3 /* PBXTargetDependency */,
			);
			fileSystemSynchronizedGroups = (
				336767252D05C6DA006AABB3 /* TestProductsAppTests */,
			);
			name = TestProductsAppTests;
			packageProductDependencies = (
			);
			productName = TestProductsAppTests;
			productReference = 336767222D05C6DA006AABB3 /* TestProductsAppTests.xctest */;
			productType = "com.apple.product-type.bundle.unit-test";
		};
		3367672B2D05C6DA006AABB3 /* TestProductsAppUITests */ = {
			isa = PBXNativeTarget;
			buildConfigurationList = 3367673C2D05C6DA006AABB3 /* Build configuration list for PBXNativeTarget "TestProductsAppUITests" */;
			buildPhases = (
				336767282D05C6DA006AABB3 /* Sources */,
				336767292D05C6DA006AABB3 /* Frameworks */,
				3367672A2D05C6DA006AABB3 /* Resources */,
			);
			buildRules = (
			);
			dependencies = (
				3367672E2D05C6DA006AABB3 /* PBXTargetDependency */,
			);
			fileSystemSynchronizedGroups = (
				3367672F2D05C6DA006AABB3 /* TestProductsAppUITests */,
			);
			name = TestProductsAppUITests;
			packageProductDependencies = (
			);
			productName = TestProductsAppUITests;
			productReference = 3367672C2D05C6DA006AABB3 /* TestProductsAppUITests.xctest */;
			productType = "com.apple.product-type.bundle.ui-testing";
		};
/* End PBXNativeTarget section */

/* Begin PBXProject section */
		3367670A2D05C6D8006AABB3 /* Project object */ = {
			isa = PBXProject;
			attributes = {
				BuildIndependentTargetsInParallel = 1;
				LastSwiftUpdateCheck = 1600;
				LastUpgradeCheck = 1600;
				TargetAttributes = {
					336767112D05C6D8006AABB3 = {
						CreatedOnToolsVersion = 16.0;
					};
					336767212D05C6DA006AABB3 = {
						CreatedOnToolsVersion = 16.0;
						TestTargetID = 336767112D05C6D8006AABB3;
					};
					3367672B2D05C6DA006AABB3 = {
						CreatedOnToolsVersion = 16.0;
						TestTargetID = 336767112D05C6D8006AABB3;
					};
				};
			};
			buildConfigurationList = 3367670D2D05C6D8006AABB3 /* Build configuration list for PBXProject "TestProductsApp" */;
			developmentRegion = en;
			hasScannedForEncodings = 0;
			knownRegions = (
				en,
				Base,
			);
			mainGroup = 336767092D05C6D8006AABB3;
			minimizedProjectReferenceProxies = 1;
			packageReferences = (
				336767572D05CDDC006AABB3 /* XCRemoteSwiftPackageReference "realm-swift" */,
				336767662D066404006AABB3 /* XCRemoteSwiftPackageReference "Kingfisher" */,
			);
			preferredProjectObjectVersion = 77;
			productRefGroup = 336767132D05C6D8006AABB3 /* Products */;
			projectDirPath = "";
			projectRoot = "";
			targets = (
				336767112D05C6D8006AABB3 /* TestProductsApp */,
				336767212D05C6DA006AABB3 /* TestProductsAppTests */,
				3367672B2D05C6DA006AABB3 /* TestProductsAppUITests */,
			);
		};
/* End PBXProject section */

/* Begin PBXResourcesBuildPhase section */
		336767102D05C6D8006AABB3 /* Resources */ = {
			isa = PBXResourcesBuildPhase;
			buildActionMask = 2147483647;
			files = (
			);
			runOnlyForDeploymentPostprocessing = 0;
		};
		336767202D05C6DA006AABB3 /* Resources */ = {
			isa = PBXResourcesBuildPhase;
			buildActionMask = 2147483647;
			files = (
			);
			runOnlyForDeploymentPostprocessing = 0;
		};
		3367672A2D05C6DA006AABB3 /* Resources */ = {
			isa = PBXResourcesBuildPhase;
			buildActionMask = 2147483647;
			files = (
			);
			runOnlyForDeploymentPostprocessing = 0;
		};
/* End PBXResourcesBuildPhase section */

/* Begin PBXSourcesBuildPhase section */
		3367670E2D05C6D8006AABB3 /* Sources */ = {
			isa = PBXSourcesBuildPhase;
			buildActionMask = 2147483647;
			files = (
			);
			runOnlyForDeploymentPostprocessing = 0;
		};
		3367671E2D05C6DA006AABB3 /* Sources */ = {
			isa = PBXSourcesBuildPhase;
			buildActionMask = 2147483647;
			files = (
			);
			runOnlyForDeploymentPostprocessing = 0;
		};
		336767282D05C6DA006AABB3 /* Sources */ = {
			isa = PBXSourcesBuildPhase;
			buildActionMask = 2147483647;
			files = (
			);
			runOnlyForDeploymentPostprocessing = 0;
		};
/* End PBXSourcesBuildPhase section */

/* Begin PBXTargetDependency section */
		336767242D05C6DA006AABB3 /* PBXTargetDependency */ = {
			isa = PBXTargetDependency;
			target = 336767112D05C6D8006AABB3 /* TestProductsApp */;
			targetProxy = 336767232D05C6DA006AABB3 /* PBXContainerItemProxy */;
		};
		3367672E2D05C6DA006AABB3 /* PBXTargetDependency */ = {
			isa = PBXTargetDependency;
			target = 336767112D05C6D8006AABB3 /* TestProductsApp */;
			targetProxy = 3367672D2D05C6DA006AABB3 /* PBXContainerItemProxy */;
		};
/* End PBXTargetDependency section */

/* Begin XCBuildConfiguration section */
		336767342D05C6DA006AABB3 /* Debug */ = {
			isa = XCBuildConfiguration;
			buildSettings = {
				ALWAYS_SEARCH_USER_PATHS = NO;
				ASSETCATALOG_COMPILER_GENERATE_SWIFT_ASSET_SYMBOL_EXTENSIONS = YES;
				CLANG_ANALYZER_NONNULL = YES;
				CLANG_ANALYZER_NUMBER_OBJECT_CONVERSION = YES_AGGRESSIVE;
				CLANG_CXX_LANGUAGE_STANDARD = "gnu++20";
				CLANG_ENABLE_MODULES = YES;
				CLANG_ENABLE_OBJC_ARC = YES;
				CLANG_ENABLE_OBJC_WEAK = YES;
				CLANG_WARN_BLOCK_CAPTURE_AUTORELEASING = YES;
				CLANG_WARN_BOOL_CONVERSION = YES;
				CLANG_WARN_COMMA = YES;
				CLANG_WARN_CONSTANT_CONVERSION = YES;
				CLANG_WARN_DEPRECATED_OBJC_IMPLEMENTATIONS = YES;
				CLANG_WARN_DIRECT_OBJC_ISA_USAGE = YES_ERROR;
				CLANG_WARN_DOCUMENTATION_COMMENTS = YES;
				CLANG_WARN_EMPTY_BODY = YES;
				CLANG_WARN_ENUM_CONVERSION = YES;
				CLANG_WARN_INFINITE_RECURSION = YES;
				CLANG_WARN_INT_CONVERSION = YES;
				CLANG_WARN_NON_LITERAL_NULL_CONVERSION = YES;
				CLANG_WARN_OBJC_IMPLICIT_RETAIN_SELF = YES;
				CLANG_WARN_OBJC_LITERAL_CONVERSION = YES;
				CLANG_WARN_OBJC_ROOT_CLASS = YES_ERROR;
				CLANG_WARN_QUOTED_INCLUDE_IN_FRAMEWORK_HEADER = YES;
				CLANG_WARN_RANGE_LOOP_ANALYSIS = YES;
				CLANG_WARN_STRICT_PROTOTYPES = YES;
				CLANG_WARN_SUSPICIOUS_MOVE = YES;
				CLANG_WARN_UNGUARDED_AVAILABILITY = YES_AGGRESSIVE;
				CLANG_WARN_UNREACHABLE_CODE = YES;
				CLANG_WARN__DUPLICATE_METHOD_MATCH = YES;
				COPY_PHASE_STRIP = NO;
				DEBUG_INFORMATION_FORMAT = dwarf;
				ENABLE_STRICT_OBJC_MSGSEND = YES;
				ENABLE_TESTABILITY = YES;
				ENABLE_USER_SCRIPT_SANDBOXING = YES;
				GCC_C_LANGUAGE_STANDARD = gnu17;
				GCC_DYNAMIC_NO_PIC = NO;
				GCC_NO_COMMON_BLOCKS = YES;
				GCC_OPTIMIZATION_LEVEL = 0;
				GCC_PREPROCESSOR_DEFINITIONS = (
					"DEBUG=1",
					"$(inherited)",
				);
				GCC_WARN_64_TO_32_BIT_CONVERSION = YES;
				GCC_WARN_ABOUT_RETURN_TYPE = YES_ERROR;
				GCC_WARN_UNDECLARED_SELECTOR = YES;
				GCC_WARN_UNINITIALIZED_AUTOS = YES_AGGRESSIVE;
				GCC_WARN_UNUSED_FUNCTION = YES;
				GCC_WARN_UNUSED_VARIABLE = YES;
				IPHONEOS_DEPLOYMENT_TARGET = 18.0;
				LOCALIZATION_PREFERS_STRING_CATALOGS = YES;
				MTL_ENABLE_DEBUG_INFO = INCLUDE_SOURCE;
				MTL_FAST_MATH = YES;
				ONLY_ACTIVE_ARCH = YES;
				SDKROOT = iphoneos;
				SWIFT_ACTIVE_COMPILATION_CONDITIONS = "DEBUG $(inherited)";
				SWIFT_OPTIMIZATION_LEVEL = "-Onone";
			};
			name = Debug;
		};
		336767352D05C6DA006AABB3 /* Release */ = {
			isa = XCBuildConfiguration;
			buildSettings = {
				ALWAYS_SEARCH_USER_PATHS = NO;
				ASSETCATALOG_COMPILER_GENERATE_SWIFT_ASSET_SYMBOL_EXTENSIONS = YES;
				CLANG_ANALYZER_NONNULL = YES;
				CLANG_ANALYZER_NUMBER_OBJECT_CONVERSION = YES_AGGRESSIVE;
				CLANG_CXX_LANGUAGE_STANDARD = "gnu++20";
				CLANG_ENABLE_MODULES = YES;
				CLANG_ENABLE_OBJC_ARC = YES;
				CLANG_ENABLE_OBJC_WEAK = YES;
				CLANG_WARN_BLOCK_CAPTURE_AUTORELEASING = YES;
				CLANG_WARN_BOOL_CONVERSION = YES;
				CLANG_WARN_COMMA = YES;
				CLANG_WARN_CONSTANT_CONVERSION = YES;
				CLANG_WARN_DEPRECATED_OBJC_IMPLEMENTATIONS = YES;
				CLANG_WARN_DIRECT_OBJC_ISA_USAGE = YES_ERROR;
				CLANG_WARN_DOCUMENTATION_COMMENTS = YES;
				CLANG_WARN_EMPTY_BODY = YES;
				CLANG_WARN_ENUM_CONVERSION = YES;
				CLANG_WARN_INFINITE_RECURSION = YES;
				CLANG_WARN_INT_CONVERSION = YES;
				CLANG_WARN_NON_LITERAL_NULL_CONVERSION = YES;
				CLANG_WARN_OBJC_IMPLICIT_RETAIN_SELF = YES;
				CLANG_WARN_OBJC_LITERAL_CONVERSION = YES;
				CLANG_WARN_OBJC_ROOT_CLASS = YES_ERROR;
				CLANG_WARN_QUOTED_INCLUDE_IN_FRAMEWORK_HEADER = YES;
				CLANG_WARN_RANGE_LOOP_ANALYSIS = YES;
				CLANG_WARN_STRICT_PROTOTYPES = YES;
				CLANG_WARN_SUSPICIOUS_MOVE = YES;
				CLANG_WARN_UNGUARDED_AVAILABILITY = YES_AGGRESSIVE;
				CLANG_WARN_UNREACHABLE_CODE = YES;
				CLANG_WARN__DUPLICATE_METHOD_MATCH = YES;
				COPY_PHASE_STRIP = NO;
				DEBUG_INFORMATION_FORMAT = "dwarf-with-dsym";
				ENABLE_NS_ASSERTIONS = NO;
				ENABLE_STRICT_OBJC_MSGSEND = YES;
				ENABLE_USER_SCRIPT_SANDBOXING = YES;
				GCC_C_LANGUAGE_STANDARD = gnu17;
				GCC_NO_COMMON_BLOCKS = YES;
				GCC_WARN_64_TO_32_BIT_CONVERSION = YES;
				GCC_WARN_ABOUT_RETURN_TYPE = YES_ERROR;
				GCC_WARN_UNDECLARED_SELECTOR = YES;
				GCC_WARN_UNINITIALIZED_AUTOS = YES_AGGRESSIVE;
				GCC_WARN_UNUSED_FUNCTION = YES;
				GCC_WARN_UNUSED_VARIABLE = YES;
				IPHONEOS_DEPLOYMENT_TARGET = 18.0;
				LOCALIZATION_PREFERS_STRING_CATALOGS = YES;
				MTL_ENABLE_DEBUG_INFO = NO;
				MTL_FAST_MATH = YES;
				SDKROOT = iphoneos;
				SWIFT_COMPILATION_MODE = wholemodule;
				VALIDATE_PRODUCT = YES;
			};
			name = Release;
		};
		336767372D05C6DA006AABB3 /* Debug */ = {
			isa = XCBuildConfiguration;
			buildSettings = {
				ASSETCATALOG_COMPILER_APPICON_NAME = AppIcon;
				ASSETCATALOG_COMPILER_GLOBAL_ACCENT_COLOR_NAME = AccentColor;
				CODE_SIGN_STYLE = Automatic;
				CURRENT_PROJECT_VERSION = 1;
				DEVELOPMENT_ASSET_PATHS = "\"TestProductsApp/Preview Content\"";
				DEVELOPMENT_TEAM = L9ACG2Q9X9;
				ENABLE_PREVIEWS = YES;
				GENERATE_INFOPLIST_FILE = YES;
				INFOPLIST_KEY_UIApplicationSceneManifest_Generation = YES;
				INFOPLIST_KEY_UIApplicationSupportsIndirectInputEvents = YES;
				INFOPLIST_KEY_UILaunchScreen_Generation = YES;
				INFOPLIST_KEY_UISupportedInterfaceOrientations_iPad = "UIInterfaceOrientationPortrait UIInterfaceOrientationPortraitUpsideDown UIInterfaceOrientationLandscapeLeft UIInterfaceOrientationLandscapeRight";
				INFOPLIST_KEY_UISupportedInterfaceOrientations_iPhone = "UIInterfaceOrientationPortrait UIInterfaceOrientationLandscapeLeft UIInterfaceOrientationLandscapeRight";
				LD_RUNPATH_SEARCH_PATHS = (
					"$(inherited)",
					"@executable_path/Frameworks",
				);
				MARKETING_VERSION = 1.0;
				PRODUCT_BUNDLE_IDENTIFIER = com.BaiaoLtda.TestProductsApp;
				PRODUCT_NAME = "$(TARGET_NAME)";
				SWIFT_EMIT_LOC_STRINGS = YES;
				SWIFT_VERSION = 5.0;
				TARGETED_DEVICE_FAMILY = "1,2";
			};
			name = Debug;
		};
		336767382D05C6DA006AABB3 /* Release */ = {
			isa = XCBuildConfiguration;
			buildSettings = {
				ASSETCATALOG_COMPILER_APPICON_NAME = AppIcon;
				ASSETCATALOG_COMPILER_GLOBAL_ACCENT_COLOR_NAME = AccentColor;
				CODE_SIGN_STYLE = Automatic;
				CURRENT_PROJECT_VERSION = 1;
				DEVELOPMENT_ASSET_PATHS = "\"TestProductsApp/Preview Content\"";
				DEVELOPMENT_TEAM = L9ACG2Q9X9;
				ENABLE_PREVIEWS = YES;
				GENERATE_INFOPLIST_FILE = YES;
				INFOPLIST_KEY_UIApplicationSceneManifest_Generation = YES;
				INFOPLIST_KEY_UIApplicationSupportsIndirectInputEvents = YES;
				INFOPLIST_KEY_UILaunchScreen_Generation = YES;
				INFOPLIST_KEY_UISupportedInterfaceOrientations_iPad = "UIInterfaceOrientationPortrait UIInterfaceOrientationPortraitUpsideDown UIInterfaceOrientationLandscapeLeft UIInterfaceOrientationLandscapeRight";
				INFOPLIST_KEY_UISupportedInterfaceOrientations_iPhone = "UIInterfaceOrientationPortrait UIInterfaceOrientationLandscapeLeft UIInterfaceOrientationLandscapeRight";
				LD_RUNPATH_SEARCH_PATHS = (
					"$(inherited)",
					"@executable_path/Frameworks",
				);
				MARKETING_VERSION = 1.0;
				PRODUCT_BUNDLE_IDENTIFIER = com.BaiaoLtda.TestProductsApp;
				PRODUCT_NAME = "$(TARGET_NAME)";
				SWIFT_EMIT_LOC_STRINGS = YES;
				SWIFT_VERSION = 5.0;
				TARGETED_DEVICE_FAMILY = "1,2";
			};
			name = Release;
		};
		3367673A2D05C6DA006AABB3 /* Debug */ = {
			isa = XCBuildConfiguration;
			buildSettings = {
				BUNDLE_LOADER = "$(TEST_HOST)";
				CODE_SIGN_STYLE = Automatic;
				CURRENT_PROJECT_VERSION = 1;
				DEVELOPMENT_TEAM = L9ACG2Q9X9;
				GENERATE_INFOPLIST_FILE = YES;
				IPHONEOS_DEPLOYMENT_TARGET = 18.0;
				MARKETING_VERSION = 1.0;
				PRODUCT_BUNDLE_IDENTIFIER = com.BaiaoLtda.TestProductsAppTests;
				PRODUCT_NAME = "$(TARGET_NAME)";
				SWIFT_EMIT_LOC_STRINGS = NO;
				SWIFT_VERSION = 5.0;
				TARGETED_DEVICE_FAMILY = "1,2";
				TEST_HOST = "$(BUILT_PRODUCTS_DIR)/TestProductsApp.app/$(BUNDLE_EXECUTABLE_FOLDER_PATH)/TestProductsApp";
			};
			name = Debug;
		};
		3367673B2D05C6DA006AABB3 /* Release */ = {
			isa = XCBuildConfiguration;
			buildSettings = {
				BUNDLE_LOADER = "$(TEST_HOST)";
				CODE_SIGN_STYLE = Automatic;
				CURRENT_PROJECT_VERSION = 1;
				DEVELOPMENT_TEAM = L9ACG2Q9X9;
				GENERATE_INFOPLIST_FILE = YES;
				IPHONEOS_DEPLOYMENT_TARGET = 18.0;
				MARKETING_VERSION = 1.0;
				PRODUCT_BUNDLE_IDENTIFIER = com.BaiaoLtda.TestProductsAppTests;
				PRODUCT_NAME = "$(TARGET_NAME)";
				SWIFT_EMIT_LOC_STRINGS = NO;
				SWIFT_VERSION = 5.0;
				TARGETED_DEVICE_FAMILY = "1,2";
				TEST_HOST = "$(BUILT_PRODUCTS_DIR)/TestProductsApp.app/$(BUNDLE_EXECUTABLE_FOLDER_PATH)/TestProductsApp";
			};
			name = Release;
		};
		3367673D2D05C6DA006AABB3 /* Debug */ = {
			isa = XCBuildConfiguration;
			buildSettings = {
				CODE_SIGN_STYLE = Automatic;
				CURRENT_PROJECT_VERSION = 1;
				DEVELOPMENT_TEAM = L9ACG2Q9X9;
				GENERATE_INFOPLIST_FILE = YES;
				MARKETING_VERSION = 1.0;
				PRODUCT_BUNDLE_IDENTIFIER = com.BaiaoLtda.TestProductsAppUITests;
				PRODUCT_NAME = "$(TARGET_NAME)";
				SWIFT_EMIT_LOC_STRINGS = NO;
				SWIFT_VERSION = 5.0;
				TARGETED_DEVICE_FAMILY = "1,2";
				TEST_TARGET_NAME = TestProductsApp;
			};
			name = Debug;
		};
		3367673E2D05C6DA006AABB3 /* Release */ = {
			isa = XCBuildConfiguration;
			buildSettings = {
				CODE_SIGN_STYLE = Automatic;
				CURRENT_PROJECT_VERSION = 1;
				DEVELOPMENT_TEAM = L9ACG2Q9X9;
				GENERATE_INFOPLIST_FILE = YES;
				MARKETING_VERSION = 1.0;
				PRODUCT_BUNDLE_IDENTIFIER = com.BaiaoLtda.TestProductsAppUITests;
				PRODUCT_NAME = "$(TARGET_NAME)";
				SWIFT_EMIT_LOC_STRINGS = NO;
				SWIFT_VERSION = 5.0;
				TARGETED_DEVICE_FAMILY = "1,2";
				TEST_TARGET_NAME = TestProductsApp;
			};
			name = Release;
		};
/* End XCBuildConfiguration section */

/* Begin XCConfigurationList section */
		3367670D2D05C6D8006AABB3 /* Build configuration list for PBXProject "TestProductsApp" */ = {
			isa = XCConfigurationList;
			buildConfigurations = (
				336767342D05C6DA006AABB3 /* Debug */,
				336767352D05C6DA006AABB3 /* Release */,
			);
			defaultConfigurationIsVisible = 0;
			defaultConfigurationName = Release;
		};
		336767362D05C6DA006AABB3 /* Build configuration list for PBXNativeTarget "TestProductsApp" */ = {
			isa = XCConfigurationList;
			buildConfigurations = (
				336767372D05C6DA006AABB3 /* Debug */,
				336767382D05C6DA006AABB3 /* Release */,
			);
			defaultConfigurationIsVisible = 0;
			defaultConfigurationName = Release;
		};
		336767392D05C6DA006AABB3 /* Build configuration list for PBXNativeTarget "TestProductsAppTests" */ = {
			isa = XCConfigurationList;
			buildConfigurations = (
				3367673A2D05C6DA006AABB3 /* Debug */,
				3367673B2D05C6DA006AABB3 /* Release */,
			);
			defaultConfigurationIsVisible = 0;
			defaultConfigurationName = Release;
		};
		3367673C2D05C6DA006AABB3 /* Build configuration list for PBXNativeTarget "TestProductsAppUITests" */ = {
			isa = XCConfigurationList;
			buildConfigurations = (
				3367673D2D05C6DA006AABB3 /* Debug */,
				3367673E2D05C6DA006AABB3 /* Release */,
			);
			defaultConfigurationIsVisible = 0;
			defaultConfigurationName = Release;
		};
/* End XCConfigurationList section */

/* Begin XCRemoteSwiftPackageReference section */
		336767572D05CDDC006AABB3 /* XCRemoteSwiftPackageReference "realm-swift" */ = {
			isa = XCRemoteSwiftPackageReference;
			repositoryURL = "https://github.com/realm/realm-swift";
			requirement = {
				branch = master;
				kind = branch;
			};
		};
		336767662D066404006AABB3 /* XCRemoteSwiftPackageReference "Kingfisher" */ = {
			isa = XCRemoteSwiftPackageReference;
			repositoryURL = "https://github.com/onevcat/Kingfisher.git";
			requirement = {
				kind = upToNextMajorVersion;
				minimumVersion = 8.1.2;
			};
		};
/* End XCRemoteSwiftPackageReference section */

/* Begin XCSwiftPackageProductDependency section */
		3367675C2D05D5FD006AABB3 /* RealmSwift */ = {
			isa = XCSwiftPackageProductDependency;
			package = 336767572D05CDDC006AABB3 /* XCRemoteSwiftPackageReference "realm-swift" */;
			productName = RealmSwift;
		};
		336767672D066411006AABB3 /* Kingfisher */ = {
			isa = XCSwiftPackageProductDependency;
			package = 336767662D066404006AABB3 /* XCRemoteSwiftPackageReference "Kingfisher" */;
			productName = Kingfisher;
		};
/* End XCSwiftPackageProductDependency section */
	};
	rootObject = 3367670A2D05C6D8006AABB3 /* Project object */;
}
